
Microsoft Visual Studio Solution File, Format Version 12.00
# Visual Studio Version 17
VisualStudioVersion = 17.9.34622.214
MinimumVisualStudioVersion = 10.0.40219.1
Project("{FAE04EC0-301F-11D3-BF4B-00C04F79EFBC}") = "OOP1", "OOP1\OOP1.csproj", "{8283AC66-F0E6-4E5F-8A2D-1D3409DB5741}"
EndProject
Project("{FAE04EC0-301F-11D3-BF4B-00C04F79EFBC}") = "Collections", "Collections\Collections.csproj", "{131230BB-7D36-45D2-861A-6B669C0F404E}"
EndProject
Project("{FAE04EC0-301F-11D3-BF4B-00C04F79EFBC}") = "GenericIntro", "GenericIntro\GenericIntro.csproj", "{B613E84E-1F92-46C3-B54C-A4797247710F}"
EndProject
Global
	GlobalSection(SolutionConfigurationPlatforms) = preSolution
		Debug|Any CPU = Debug|Any CPU
		Release|Any CPU = Release|Any CPU
	EndGlobalSection
	GlobalSection(ProjectConfigurationPlatforms) = postSolution
		{8283AC66-F0E6-4E5F-8A2D-1D3409DB5741}.Debug|Any CPU.ActiveCfg = Debug|Any CPU
		{8283AC66-F0E6-4E5F-8A2D-1D3409DB5741}.Debug|Any CPU.Build.0 = Debug|Any CPU
		{8283AC66-F0E6-4E5F-8A2D-1D3409DB5741}.Release|Any CPU.ActiveCfg = Release|Any CPU
		{8283AC66-F0E6-4E5F-8A2D-1D3409DB5741}.Release|Any CPU.Build.0 = Release|Any CPU
		{131230BB-7D36-45D2-861A-6B669C0F404E}.Debug|Any CPU.ActiveCfg = Debug|Any CPU
		{131230BB-7D36-45D2-861A-6B669C0F404E}.Debug|Any CPU.Build.0 = Debug|Any CPU
		{131230BB-7D36-45D2-861A-6B669C0F404E}.Release|Any CPU.ActiveCfg = Release|Any CPU
		{131230BB-7D36-45D2-861A-6B669C0F404E}.Release|Any CPU.Build.0 = Release|Any CPU
		{B613E84E-1F92-46C3-B54C-A4797247710F}.Debug|Any CPU.ActiveCfg = Debug|Any CPU
		{B613E84E-1F92-46C3-B54C-A4797247710F}.Debug|Any CPU.Build.0 = Debug|Any CPU
		{B613E84E-1F92-46C3-B54C-A4797247710F}.Release|Any CPU.ActiveCfg = Release|Any CPU
		{B613E84E-1F92-46C3-B54C-A4797247710F}.Release|Any CPU.Build.0 = Release|Any CPU
	EndGlobalSection
	GlobalSection(SolutionProperties) = preSolution
		HideSolutionNode = FALSE
	EndGlobalSection
	GlobalSection(ExtensibilityGlobals) = postSolution
		SolutionGuid = {536C763E-A3A1-48EC-877D-C718D64C4FF7}
	EndGlobalSection
EndGlobal
